
Microsoft Visual Studio Solution File, Format Version 12.00
# Visual Studio Version 17
VisualStudioVersion = 17.14.36518.9 d17.14
MinimumVisualStudioVersion = 10.0.40219.1
Project("{FAE04EC0-301F-11D3-BF4B-00C04F79EFBC}") = "Suma de factoriales", "Suma de factoriales\Suma de factoriales.csproj", "{2F151ECF-DB24-439C-9CFE-416C41A0FFD0}"
EndProject
Global
	GlobalSection(SolutionConfigurationPlatforms) = preSolution
		Debug|Any CPU = Debug|Any CPU
		Release|Any CPU = Release|Any CPU
	EndGlobalSection
	GlobalSection(ProjectConfigurationPlatforms) = postSolution
		{2F151ECF-DB24-439C-9CFE-416C41A0FFD0}.Debug|Any CPU.ActiveCfg = Debug|Any CPU
		{2F151ECF-DB24-439C-9CFE-416C41A0FFD0}.Debug|Any CPU.Build.0 = Debug|Any CPU
		{2F151ECF-DB24-439C-9CFE-416C41A0FFD0}.Release|Any CPU.ActiveCfg = Release|Any CPU
		{2F151ECF-DB24-439C-9CFE-416C41A0FFD0}.Release|Any CPU.Build.0 = Release|Any CPU
	EndGlobalSection
	GlobalSection(SolutionProperties) = preSolution
		HideSolutionNode = FALSE
	EndGlobalSection
	GlobalSection(ExtensibilityGlobals) = postSolution
		SolutionGuid = {75401301-BD17-4854-AEFF-D72BA1E6FF70}
	EndGlobalSection
EndGlobal
