
Microsoft Visual Studio Solution File, Format Version 12.00
# Visual Studio Version 17
VisualStudioVersion = 17.14.36518.9 d17.14
MinimumVisualStudioVersion = 10.0.40219.1
Project("{FAE04EC0-301F-11D3-BF4B-00C04F79EFBC}") = "Calificaciones con condicional anidada", "Calificaciones con condicional anidada\Calificaciones con condicional anidada.csproj", "{D2BA78C2-CAA3-45EF-B9FA-E1D7B494422F}"
EndProject
Global
	GlobalSection(SolutionConfigurationPlatforms) = preSolution
		Debug|Any CPU = Debug|Any CPU
		Release|Any CPU = Release|Any CPU
	EndGlobalSection
	GlobalSection(ProjectConfigurationPlatforms) = postSolution
		{D2BA78C2-CAA3-45EF-B9FA-E1D7B494422F}.Debug|Any CPU.ActiveCfg = Debug|Any CPU
		{D2BA78C2-CAA3-45EF-B9FA-E1D7B494422F}.Debug|Any CPU.Build.0 = Debug|Any CPU
		{D2BA78C2-CAA3-45EF-B9FA-E1D7B494422F}.Release|Any CPU.ActiveCfg = Release|Any CPU
		{D2BA78C2-CAA3-45EF-B9FA-E1D7B494422F}.Release|Any CPU.Build.0 = Release|Any CPU
	EndGlobalSection
	GlobalSection(SolutionProperties) = preSolution
		HideSolutionNode = FALSE
	EndGlobalSection
	GlobalSection(ExtensibilityGlobals) = postSolution
		SolutionGuid = {44A0A057-F5EE-46F6-9FDA-F7ECD0B9406D}
	EndGlobalSection
EndGlobal
